
Microsoft Visual Studio Solution File, Format Version 12.00
# Visual Studio 15
VisualStudioVersion = 15.0.28010.2003
MinimumVisualStudioVersion = 10.0.40219.1
Project("{FAE04EC0-301F-11D3-BF4B-00C04F79EFBC}") = "Sales.Android", "Sales\Sales.Android\Sales.Android.csproj", "{73C22EC4-6BD0-4ABF-BAE2-7D13C1C02E37}"
EndProject
Project("{FAE04EC0-301F-11D3-BF4B-00C04F79EFBC}") = "Sales.iOS", "Sales\Sales.iOS\Sales.iOS.csproj", "{FEAAF54A-DFBB-4580-8503-59BCC089ED04}"
EndProject
Project("{FAE04EC0-301F-11D3-BF4B-00C04F79EFBC}") = "Sales.UWP", "Sales\Sales.UWP\Sales.UWP.csproj", "{6F9F9F07-DEFF-4D31-8BC5-2C8B10BA001B}"
EndProject
Project("{9A19103F-16F7-4668-BE54-9A1E7A4F7556}") = "Sales", "Sales\Sales\Sales.csproj", "{9A182F81-5315-4F02-8B74-80B02A04C1D7}"
EndProject
Project("{FAE04EC0-301F-11D3-BF4B-00C04F79EFBC}") = "Sales.Backend", "Sales.Backend\Sales.Backend.csproj", "{A6C9EE93-D5C9-4FA3-B8C2-DF1B4632B3E2}"
EndProject
Project("{FAE04EC0-301F-11D3-BF4B-00C04F79EFBC}") = "Sales.API", "Sales.API\Sales.API.csproj", "{29D4DE78-F585-4A0D-BF03-149B456A8A34}"
EndProject
Project("{FAE04EC0-301F-11D3-BF4B-00C04F79EFBC}") = "Sales.Domain", "Sales.Domain\Sales.Domain.csproj", "{601F5E0D-E0C7-44EB-83D9-1739830F3F9C}"
EndProject
Project("{FAE04EC0-301F-11D3-BF4B-00C04F79EFBC}") = "Sales.Common", "Sales.Common\Sales.Common.csproj", "{AA458160-404E-4E9F-A236-813B7BD54E5A}"
EndProject
Global
	GlobalSection(SolutionConfigurationPlatforms) = preSolution
		Ad-Hoc|Any CPU = Ad-Hoc|Any CPU
		Ad-Hoc|ARM = Ad-Hoc|ARM
		Ad-Hoc|iPhone = Ad-Hoc|iPhone
		Ad-Hoc|iPhoneSimulator = Ad-Hoc|iPhoneSimulator
		Ad-Hoc|x64 = Ad-Hoc|x64
		Ad-Hoc|x86 = Ad-Hoc|x86
		AppStore|Any CPU = AppStore|Any CPU
		AppStore|ARM = AppStore|ARM
		AppStore|iPhone = AppStore|iPhone
		AppStore|iPhoneSimulator = AppStore|iPhoneSimulator
		AppStore|x64 = AppStore|x64
		AppStore|x86 = AppStore|x86
		Debug|Any CPU = Debug|Any CPU
		Debug|ARM = Debug|ARM
		Debug|iPhone = Debug|iPhone
		Debug|iPhoneSimulator = Debug|iPhoneSimulator
		Debug|x64 = Debug|x64
		Debug|x86 = Debug|x86
		Release|Any CPU = Release|Any CPU
		Release|ARM = Release|ARM
		Release|iPhone = Release|iPhone
		Release|iPhoneSimulator = Release|iPhoneSimulator
		Release|x64 = Release|x64
		Release|x86 = Release|x86
	EndGlobalSection
	GlobalSection(ProjectConfigurationPlatforms) = postSolution
		{73C22EC4-6BD0-4ABF-BAE2-7D13C1C02E37}.Ad-Hoc|Any CPU.ActiveCfg = Release|Any CPU
		{73C22EC4-6BD0-4ABF-BAE2-7D13C1C02E37}.Ad-Hoc|Any CPU.Build.0 = Release|Any CPU
		{73C22EC4-6BD0-4ABF-BAE2-7D13C1C02E37}.Ad-Hoc|Any CPU.Deploy.0 = Release|Any CPU
		{73C22EC4-6BD0-4ABF-BAE2-7D13C1C02E37}.Ad-Hoc|ARM.ActiveCfg = Release|Any CPU
		{73C22EC4-6BD0-4ABF-BAE2-7D13C1C02E37}.Ad-Hoc|ARM.Build.0 = Release|Any CPU
		{73C22EC4-6BD0-4ABF-BAE2-7D13C1C02E37}.Ad-Hoc|ARM.Deploy.0 = Release|Any CPU
		{73C22EC4-6BD0-4ABF-BAE2-7D13C1C02E37}.Ad-Hoc|iPhone.ActiveCfg = Release|Any CPU
		{73C22EC4-6BD0-4ABF-BAE2-7D13C1C02E37}.Ad-Hoc|iPhone.Build.0 = Release|Any CPU
		{73C22EC4-6BD0-4ABF-BAE2-7D13C1C02E37}.Ad-Hoc|iPhone.Deploy.0 = Release|Any CPU
		{73C22EC4-6BD0-4ABF-BAE2-7D13C1C02E37}.Ad-Hoc|iPhoneSimulator.ActiveCfg = Release|Any CPU
		{73C22EC4-6BD0-4ABF-BAE2-7D13C1C02E37}.Ad-Hoc|iPhoneSimulator.Build.0 = Release|Any CPU
		{73C22EC4-6BD0-4ABF-BAE2-7D13C1C02E37}.Ad-Hoc|iPhoneSimulator.Deploy.0 = Release|Any CPU
		{73C22EC4-6BD0-4ABF-BAE2-7D13C1C02E37}.Ad-Hoc|x64.ActiveCfg = Release|Any CPU
		{73C22EC4-6BD0-4ABF-BAE2-7D13C1C02E37}.Ad-Hoc|x64.Build.0 = Release|Any CPU
		{73C22EC4-6BD0-4ABF-BAE2-7D13C1C02E37}.Ad-Hoc|x64.Deploy.0 = Release|Any CPU
		{73C22EC4-6BD0-4ABF-BAE2-7D13C1C02E37}.Ad-Hoc|x86.ActiveCfg = Release|Any CPU
		{73C22EC4-6BD0-4ABF-BAE2-7D13C1C02E37}.Ad-Hoc|x86.Build.0 = Release|Any CPU
		{73C22EC4-6BD0-4ABF-BAE2-7D13C1C02E37}.Ad-Hoc|x86.Deploy.0 = Release|Any CPU
		{73C22EC4-6BD0-4ABF-BAE2-7D13C1C02E37}.AppStore|Any CPU.ActiveCfg = Release|Any CPU
		{73C22EC4-6BD0-4ABF-BAE2-7D13C1C02E37}.AppStore|Any CPU.Build.0 = Release|Any CPU
		{73C22EC4-6BD0-4ABF-BAE2-7D13C1C02E37}.AppStore|Any CPU.Deploy.0 = Release|Any CPU
		{73C22EC4-6BD0-4ABF-BAE2-7D13C1C02E37}.AppStore|ARM.ActiveCfg = Release|Any CPU
		{73C22EC4-6BD0-4ABF-BAE2-7D13C1C02E37}.AppStore|ARM.Build.0 = Release|Any CPU
		{73C22EC4-6BD0-4ABF-BAE2-7D13C1C02E37}.AppStore|ARM.Deploy.0 = Release|Any CPU
		{73C22EC4-6BD0-4ABF-BAE2-7D13C1C02E37}.AppStore|iPhone.ActiveCfg = Release|Any CPU
		{73C22EC4-6BD0-4ABF-BAE2-7D13C1C02E37}.AppStore|iPhone.Build.0 = Release|Any CPU
		{73C22EC4-6BD0-4ABF-BAE2-7D13C1C02E37}.AppStore|iPhone.Deploy.0 = Release|Any CPU
		{73C22EC4-6BD0-4ABF-BAE2-7D13C1C02E37}.AppStore|iPhoneSimulator.ActiveCfg = Release|Any CPU
		{73C22EC4-6BD0-4ABF-BAE2-7D13C1C02E37}.AppStore|iPhoneSimulator.Build.0 = Release|Any CPU
		{73C22EC4-6BD0-4ABF-BAE2-7D13C1C02E37}.AppStore|iPhoneSimulator.Deploy.0 = Release|Any CPU
		{73C22EC4-6BD0-4ABF-BAE2-7D13C1C02E37}.AppStore|x64.ActiveCfg = Release|Any CPU
		{73C22EC4-6BD0-4ABF-BAE2-7D13C1C02E37}.AppStore|x64.Build.0 = Release|Any CPU
		{73C22EC4-6BD0-4ABF-BAE2-7D13C1C02E37}.AppStore|x64.Deploy.0 = Release|Any CPU
		{73C22EC4-6BD0-4ABF-BAE2-7D13C1C02E37}.AppStore|x86.ActiveCfg = Release|Any CPU
		{73C22EC4-6BD0-4ABF-BAE2-7D13C1C02E37}.AppStore|x86.Build.0 = Release|Any CPU
		{73C22EC4-6BD0-4ABF-BAE2-7D13C1C02E37}.AppStore|x86.Deploy.0 = Release|Any CPU
		{73C22EC4-6BD0-4ABF-BAE2-7D13C1C02E37}.Debug|Any CPU.ActiveCfg = Debug|Any CPU
		{73C22EC4-6BD0-4ABF-BAE2-7D13C1C02E37}.Debug|Any CPU.Build.0 = Debug|Any CPU
		{73C22EC4-6BD0-4ABF-BAE2-7D13C1C02E37}.Debug|Any CPU.Deploy.0 = Debug|Any CPU
		{73C22EC4-6BD0-4ABF-BAE2-7D13C1C02E37}.Debug|ARM.ActiveCfg = Debug|Any CPU
		{73C22EC4-6BD0-4ABF-BAE2-7D13C1C02E37}.Debug|ARM.Build.0 = Debug|Any CPU
		{73C22EC4-6BD0-4ABF-BAE2-7D13C1C02E37}.Debug|ARM.Deploy.0 = Debug|Any CPU
		{73C22EC4-6BD0-4ABF-BAE2-7D13C1C02E37}.Debug|iPhone.ActiveCfg = Debug|Any CPU
		{73C22EC4-6BD0-4ABF-BAE2-7D13C1C02E37}.Debug|iPhone.Build.0 = Debug|Any CPU
		{73C22EC4-6BD0-4ABF-BAE2-7D13C1C02E37}.Debug|iPhone.Deploy.0 = Debug|Any CPU
		{73C22EC4-6BD0-4ABF-BAE2-7D13C1C02E37}.Debug|iPhoneSimulator.ActiveCfg = Debug|Any CPU
		{73C22EC4-6BD0-4ABF-BAE2-7D13C1C02E37}.Debug|iPhoneSimulator.Build.0 = Debug|Any CPU
		{73C22EC4-6BD0-4ABF-BAE2-7D13C1C02E37}.Debug|iPhoneSimulator.Deploy.0 = Debug|Any CPU
		{73C22EC4-6BD0-4ABF-BAE2-7D13C1C02E37}.Debug|x64.ActiveCfg = Debug|Any CPU
		{73C22EC4-6BD0-4ABF-BAE2-7D13C1C02E37}.Debug|x64.Build.0 = Debug|Any CPU
		{73C22EC4-6BD0-4ABF-BAE2-7D13C1C02E37}.Debug|x64.Deploy.0 = Debug|Any CPU
		{73C22EC4-6BD0-4ABF-BAE2-7D13C1C02E37}.Debug|x86.ActiveCfg = Debug|Any CPU
		{73C22EC4-6BD0-4ABF-BAE2-7D13C1C02E37}.Debug|x86.Build.0 = Debug|Any CPU
		{73C22EC4-6BD0-4ABF-BAE2-7D13C1C02E37}.Debug|x86.Deploy.0 = Debug|Any CPU
		{73C22EC4-6BD0-4ABF-BAE2-7D13C1C02E37}.Release|Any CPU.ActiveCfg = Release|Any CPU
		{73C22EC4-6BD0-4ABF-BAE2-7D13C1C02E37}.Release|Any CPU.Build.0 = Release|Any CPU
		{73C22EC4-6BD0-4ABF-BAE2-7D13C1C02E37}.Release|Any CPU.Deploy.0 = Release|Any CPU
		{73C22EC4-6BD0-4ABF-BAE2-7D13C1C02E37}.Release|ARM.ActiveCfg = Release|Any CPU
		{73C22EC4-6BD0-4ABF-BAE2-7D13C1C02E37}.Release|ARM.Build.0 = Release|Any CPU
		{73C22EC4-6BD0-4ABF-BAE2-7D13C1C02E37}.Release|ARM.Deploy.0 = Release|Any CPU
		{73C22EC4-6BD0-4ABF-BAE2-7D13C1C02E37}.Release|iPhone.ActiveCfg = Release|Any CPU
		{73C22EC4-6BD0-4ABF-BAE2-7D13C1C02E37}.Release|iPhone.Build.0 = Release|Any CPU
		{73C22EC4-6BD0-4ABF-BAE2-7D13C1C02E37}.Release|iPhone.Deploy.0 = Release|Any CPU
		{73C22EC4-6BD0-4ABF-BAE2-7D13C1C02E37}.Release|iPhoneSimulator.ActiveCfg = Release|Any CPU
		{73C22EC4-6BD0-4ABF-BAE2-7D13C1C02E37}.Release|iPhoneSimulator.Build.0 = Release|Any CPU
		{73C22EC4-6BD0-4ABF-BAE2-7D13C1C02E37}.Release|iPhoneSimulator.Deploy.0 = Release|Any CPU
		{73C22EC4-6BD0-4ABF-BAE2-7D13C1C02E37}.Release|x64.ActiveCfg = Release|Any CPU
		{73C22EC4-6BD0-4ABF-BAE2-7D13C1C02E37}.Release|x64.Build.0 = Release|Any CPU
		{73C22EC4-6BD0-4ABF-BAE2-7D13C1C02E37}.Release|x64.Deploy.0 = Release|Any CPU
		{73C22EC4-6BD0-4ABF-BAE2-7D13C1C02E37}.Release|x86.ActiveCfg = Release|Any CPU
		{73C22EC4-6BD0-4ABF-BAE2-7D13C1C02E37}.Release|x86.Build.0 = Release|Any CPU
		{73C22EC4-6BD0-4ABF-BAE2-7D13C1C02E37}.Release|x86.Deploy.0 = Release|Any CPU
		{FEAAF54A-DFBB-4580-8503-59BCC089ED04}.Ad-Hoc|Any CPU.ActiveCfg = Ad-Hoc|iPhone
		{FEAAF54A-DFBB-4580-8503-59BCC089ED04}.Ad-Hoc|Any CPU.Build.0 = Ad-Hoc|iPhone
		{FEAAF54A-DFBB-4580-8503-59BCC089ED04}.Ad-Hoc|Any CPU.Deploy.0 = Ad-Hoc|iPhone
		{FEAAF54A-DFBB-4580-8503-59BCC089ED04}.Ad-Hoc|ARM.ActiveCfg = Ad-Hoc|iPhone
		{FEAAF54A-DFBB-4580-8503-59BCC089ED04}.Ad-Hoc|ARM.Build.0 = Ad-Hoc|iPhone
		{FEAAF54A-DFBB-4580-8503-59BCC089ED04}.Ad-Hoc|ARM.Deploy.0 = Ad-Hoc|iPhone
		{FEAAF54A-DFBB-4580-8503-59BCC089ED04}.Ad-Hoc|iPhone.ActiveCfg = Ad-Hoc|iPhone
		{FEAAF54A-DFBB-4580-8503-59BCC089ED04}.Ad-Hoc|iPhone.Build.0 = Ad-Hoc|iPhone
		{FEAAF54A-DFBB-4580-8503-59BCC089ED04}.Ad-Hoc|iPhone.Deploy.0 = Ad-Hoc|iPhone
		{FEAAF54A-DFBB-4580-8503-59BCC089ED04}.Ad-Hoc|iPhoneSimulator.ActiveCfg = Ad-Hoc|iPhoneSimulator
		{FEAAF54A-DFBB-4580-8503-59BCC089ED04}.Ad-Hoc|iPhoneSimulator.Build.0 = Ad-Hoc|iPhoneSimulator
		{FEAAF54A-DFBB-4580-8503-59BCC089ED04}.Ad-Hoc|iPhoneSimulator.Deploy.0 = Ad-Hoc|iPhoneSimulator
		{FEAAF54A-DFBB-4580-8503-59BCC089ED04}.Ad-Hoc|x64.ActiveCfg = Ad-Hoc|iPhone
		{FEAAF54A-DFBB-4580-8503-59BCC089ED04}.Ad-Hoc|x64.Build.0 = Ad-Hoc|iPhone
		{FEAAF54A-DFBB-4580-8503-59BCC089ED04}.Ad-Hoc|x64.Deploy.0 = Ad-Hoc|iPhone
		{FEAAF54A-DFBB-4580-8503-59BCC089ED04}.Ad-Hoc|x86.ActiveCfg = Ad-Hoc|iPhone
		{FEAAF54A-DFBB-4580-8503-59BCC089ED04}.Ad-Hoc|x86.Build.0 = Ad-Hoc|iPhone
		{FEAAF54A-DFBB-4580-8503-59BCC089ED04}.Ad-Hoc|x86.Deploy.0 = Ad-Hoc|iPhone
		{FEAAF54A-DFBB-4580-8503-59BCC089ED04}.AppStore|Any CPU.ActiveCfg = AppStore|iPhone
		{FEAAF54A-DFBB-4580-8503-59BCC089ED04}.AppStore|Any CPU.Build.0 = AppStore|iPhone
		{FEAAF54A-DFBB-4580-8503-59BCC089ED04}.AppStore|Any CPU.Deploy.0 = AppStore|iPhone
		{FEAAF54A-DFBB-4580-8503-59BCC089ED04}.AppStore|ARM.ActiveCfg = AppStore|iPhone
		{FEAAF54A-DFBB-4580-8503-59BCC089ED04}.AppStore|ARM.Build.0 = AppStore|iPhone
		{FEAAF54A-DFBB-4580-8503-59BCC089ED04}.AppStore|ARM.Deploy.0 = AppStore|iPhone
		{FEAAF54A-DFBB-4580-8503-59BCC089ED04}.AppStore|iPhone.ActiveCfg = AppStore|iPhone
		{FEAAF54A-DFBB-4580-8503-59BCC089ED04}.AppStore|iPhone.Build.0 = AppStore|iPhone
		{FEAAF54A-DFBB-4580-8503-59BCC089ED04}.AppStore|iPhone.Deploy.0 = AppStore|iPhone
		{FEAAF54A-DFBB-4580-8503-59BCC089ED04}.AppStore|iPhoneSimulator.ActiveCfg = AppStore|iPhoneSimulator
		{FEAAF54A-DFBB-4580-8503-59BCC089ED04}.AppStore|iPhoneSimulator.Build.0 = AppStore|iPhoneSimulator
		{FEAAF54A-DFBB-4580-8503-59BCC089ED04}.AppStore|iPhoneSimulator.Deploy.0 = AppStore|iPhoneSimulator
		{FEAAF54A-DFBB-4580-8503-59BCC089ED04}.AppStore|x64.ActiveCfg = AppStore|iPhone
		{FEAAF54A-DFBB-4580-8503-59BCC089ED04}.AppStore|x64.Build.0 = AppStore|iPhone
		{FEAAF54A-DFBB-4580-8503-59BCC089ED04}.AppStore|x64.Deploy.0 = AppStore|iPhone
		{FEAAF54A-DFBB-4580-8503-59BCC089ED04}.AppStore|x86.ActiveCfg = AppStore|iPhone
		{FEAAF54A-DFBB-4580-8503-59BCC089ED04}.AppStore|x86.Build.0 = AppStore|iPhone
		{FEAAF54A-DFBB-4580-8503-59BCC089ED04}.AppStore|x86.Deploy.0 = AppStore|iPhone
		{FEAAF54A-DFBB-4580-8503-59BCC089ED04}.Debug|Any CPU.ActiveCfg = Debug|iPhoneSimulator
		{FEAAF54A-DFBB-4580-8503-59BCC089ED04}.Debug|Any CPU.Build.0 = Debug|iPhoneSimulator
		{FEAAF54A-DFBB-4580-8503-59BCC089ED04}.Debug|Any CPU.Deploy.0 = Debug|iPhoneSimulator
		{FEAAF54A-DFBB-4580-8503-59BCC089ED04}.Debug|ARM.ActiveCfg = Debug|iPhone
		{FEAAF54A-DFBB-4580-8503-59BCC089ED04}.Debug|ARM.Build.0 = Debug|iPhone
		{FEAAF54A-DFBB-4580-8503-59BCC089ED04}.Debug|ARM.Deploy.0 = Debug|iPhone
		{FEAAF54A-DFBB-4580-8503-59BCC089ED04}.Debug|iPhone.ActiveCfg = Debug|iPhone
		{FEAAF54A-DFBB-4580-8503-59BCC089ED04}.Debug|iPhone.Build.0 = Debug|iPhone
		{FEAAF54A-DFBB-4580-8503-59BCC089ED04}.Debug|iPhone.Deploy.0 = Debug|iPhone
		{FEAAF54A-DFBB-4580-8503-59BCC089ED04}.Debug|iPhoneSimulator.ActiveCfg = Debug|iPhoneSimulator
		{FEAAF54A-DFBB-4580-8503-59BCC089ED04}.Debug|iPhoneSimulator.Build.0 = Debug|iPhoneSimulator
		{FEAAF54A-DFBB-4580-8503-59BCC089ED04}.Debug|iPhoneSimulator.Deploy.0 = Debug|iPhoneSimulator
		{FEAAF54A-DFBB-4580-8503-59BCC089ED04}.Debug|x64.ActiveCfg = Debug|iPhone
		{FEAAF54A-DFBB-4580-8503-59BCC089ED04}.Debug|x64.Build.0 = Debug|iPhone
		{FEAAF54A-DFBB-4580-8503-59BCC089ED04}.Debug|x64.Deploy.0 = Debug|iPhone
		{FEAAF54A-DFBB-4580-8503-59BCC089ED04}.Debug|x86.ActiveCfg = Debug|iPhone
		{FEAAF54A-DFBB-4580-8503-59BCC089ED04}.Debug|x86.Build.0 = Debug|iPhone
		{FEAAF54A-DFBB-4580-8503-59BCC089ED04}.Debug|x86.Deploy.0 = Debug|iPhone
		{FEAAF54A-DFBB-4580-8503-59BCC089ED04}.Release|Any CPU.ActiveCfg = Release|iPhone
		{FEAAF54A-DFBB-4580-8503-59BCC089ED04}.Release|Any CPU.Build.0 = Release|iPhone
		{FEAAF54A-DFBB-4580-8503-59BCC089ED04}.Release|Any CPU.Deploy.0 = Release|iPhone
		{FEAAF54A-DFBB-4580-8503-59BCC089ED04}.Release|ARM.ActiveCfg = Release|iPhone
		{FEAAF54A-DFBB-4580-8503-59BCC089ED04}.Release|ARM.Build.0 = Release|iPhone
		{FEAAF54A-DFBB-4580-8503-59BCC089ED04}.Release|ARM.Deploy.0 = Release|iPhone
		{FEAAF54A-DFBB-4580-8503-59BCC089ED04}.Release|iPhone.ActiveCfg = Release|iPhone
		{FEAAF54A-DFBB-4580-8503-59BCC089ED04}.Release|iPhone.Build.0 = Release|iPhone
		{FEAAF54A-DFBB-4580-8503-59BCC089ED04}.Release|iPhone.Deploy.0 = Release|iPhone
		{FEAAF54A-DFBB-4580-8503-59BCC089ED04}.Release|iPhoneSimulator.ActiveCfg = Release|iPhoneSimulator
		{FEAAF54A-DFBB-4580-8503-59BCC089ED04}.Release|iPhoneSimulator.Build.0 = Release|iPhoneSimulator
		{FEAAF54A-DFBB-4580-8503-59BCC089ED04}.Release|iPhoneSimulator.Deploy.0 = Release|iPhoneSimulator
		{FEAAF54A-DFBB-4580-8503-59BCC089ED04}.Release|x64.ActiveCfg = Release|iPhone
		{FEAAF54A-DFBB-4580-8503-59BCC089ED04}.Release|x64.Build.0 = Release|iPhone
		{FEAAF54A-DFBB-4580-8503-59BCC089ED04}.Release|x64.Deploy.0 = Release|iPhone
		{FEAAF54A-DFBB-4580-8503-59BCC089ED04}.Release|x86.ActiveCfg = Release|iPhone
		{FEAAF54A-DFBB-4580-8503-59BCC089ED04}.Release|x86.Build.0 = Release|iPhone
		{FEAAF54A-DFBB-4580-8503-59BCC089ED04}.Release|x86.Deploy.0 = Release|iPhone
		{6F9F9F07-DEFF-4D31-8BC5-2C8B10BA001B}.Ad-Hoc|Any CPU.ActiveCfg = Release|x86
		{6F9F9F07-DEFF-4D31-8BC5-2C8B10BA001B}.Ad-Hoc|Any CPU.Build.0 = Release|x86
		{6F9F9F07-DEFF-4D31-8BC5-2C8B10BA001B}.Ad-Hoc|Any CPU.Deploy.0 = Release|x86
		{6F9F9F07-DEFF-4D31-8BC5-2C8B10BA001B}.Ad-Hoc|ARM.ActiveCfg = Release|ARM
		{6F9F9F07-DEFF-4D31-8BC5-2C8B10BA001B}.Ad-Hoc|ARM.Build.0 = Release|ARM
		{6F9F9F07-DEFF-4D31-8BC5-2C8B10BA001B}.Ad-Hoc|ARM.Deploy.0 = Release|ARM
		{6F9F9F07-DEFF-4D31-8BC5-2C8B10BA001B}.Ad-Hoc|iPhone.ActiveCfg = Release|x86
		{6F9F9F07-DEFF-4D31-8BC5-2C8B10BA001B}.Ad-Hoc|iPhone.Build.0 = Release|x86
		{6F9F9F07-DEFF-4D31-8BC5-2C8B10BA001B}.Ad-Hoc|iPhone.Deploy.0 = Release|x86
		{6F9F9F07-DEFF-4D31-8BC5-2C8B10BA001B}.Ad-Hoc|iPhoneSimulator.ActiveCfg = Release|x86
		{6F9F9F07-DEFF-4D31-8BC5-2C8B10BA001B}.Ad-Hoc|iPhoneSimulator.Build.0 = Release|x86
		{6F9F9F07-DEFF-4D31-8BC5-2C8B10BA001B}.Ad-Hoc|iPhoneSimulator.Deploy.0 = Release|x86
		{6F9F9F07-DEFF-4D31-8BC5-2C8B10BA001B}.Ad-Hoc|x64.ActiveCfg = Release|x64
		{6F9F9F07-DEFF-4D31-8BC5-2C8B10BA001B}.Ad-Hoc|x64.Build.0 = Release|x64
		{6F9F9F07-DEFF-4D31-8BC5-2C8B10BA001B}.Ad-Hoc|x64.Deploy.0 = Release|x64
		{6F9F9F07-DEFF-4D31-8BC5-2C8B10BA001B}.Ad-Hoc|x86.ActiveCfg = Release|x86
		{6F9F9F07-DEFF-4D31-8BC5-2C8B10BA001B}.Ad-Hoc|x86.Build.0 = Release|x86
		{6F9F9F07-DEFF-4D31-8BC5-2C8B10BA001B}.Ad-Hoc|x86.Deploy.0 = Release|x86
		{6F9F9F07-DEFF-4D31-8BC5-2C8B10BA001B}.AppStore|Any CPU.ActiveCfg = Release|x86
		{6F9F9F07-DEFF-4D31-8BC5-2C8B10BA001B}.AppStore|Any CPU.Build.0 = Release|x86
		{6F9F9F07-DEFF-4D31-8BC5-2C8B10BA001B}.AppStore|Any CPU.Deploy.0 = Release|x86
		{6F9F9F07-DEFF-4D31-8BC5-2C8B10BA001B}.AppStore|ARM.ActiveCfg = Release|ARM
		{6F9F9F07-DEFF-4D31-8BC5-2C8B10BA001B}.AppStore|ARM.Build.0 = Release|ARM
		{6F9F9F07-DEFF-4D31-8BC5-2C8B10BA001B}.AppStore|ARM.Deploy.0 = Release|ARM
		{6F9F9F07-DEFF-4D31-8BC5-2C8B10BA001B}.AppStore|iPhone.ActiveCfg = Release|x86
		{6F9F9F07-DEFF-4D31-8BC5-2C8B10BA001B}.AppStore|iPhone.Build.0 = Release|x86
		{6F9F9F07-DEFF-4D31-8BC5-2C8B10BA001B}.AppStore|iPhone.Deploy.0 = Release|x86
		{6F9F9F07-DEFF-4D31-8BC5-2C8B10BA001B}.AppStore|iPhoneSimulator.ActiveCfg = Release|x86
		{6F9F9F07-DEFF-4D31-8BC5-2C8B10BA001B}.AppStore|iPhoneSimulator.Build.0 = Release|x86
		{6F9F9F07-DEFF-4D31-8BC5-2C8B10BA001B}.AppStore|iPhoneSimulator.Deploy.0 = Release|x86
		{6F9F9F07-DEFF-4D31-8BC5-2C8B10BA001B}.AppStore|x64.ActiveCfg = Release|x64
		{6F9F9F07-DEFF-4D31-8BC5-2C8B10BA001B}.AppStore|x64.Build.0 = Release|x64
		{6F9F9F07-DEFF-4D31-8BC5-2C8B10BA001B}.AppStore|x64.Deploy.0 = Release|x64
		{6F9F9F07-DEFF-4D31-8BC5-2C8B10BA001B}.AppStore|x86.ActiveCfg = Release|x86
		{6F9F9F07-DEFF-4D31-8BC5-2C8B10BA001B}.AppStore|x86.Build.0 = Release|x86
		{6F9F9F07-DEFF-4D31-8BC5-2C8B10BA001B}.AppStore|x86.Deploy.0 = Release|x86
		{6F9F9F07-DEFF-4D31-8BC5-2C8B10BA001B}.Debug|Any CPU.ActiveCfg = Debug|x86
		{6F9F9F07-DEFF-4D31-8BC5-2C8B10BA001B}.Debug|Any CPU.Build.0 = Debug|x86
		{6F9F9F07-DEFF-4D31-8BC5-2C8B10BA001B}.Debug|Any CPU.Deploy.0 = Debug|x86
		{6F9F9F07-DEFF-4D31-8BC5-2C8B10BA001B}.Debug|ARM.ActiveCfg = Debug|ARM
		{6F9F9F07-DEFF-4D31-8BC5-2C8B10BA001B}.Debug|ARM.Build.0 = Debug|ARM
		{6F9F9F07-DEFF-4D31-8BC5-2C8B10BA001B}.Debug|ARM.Deploy.0 = Debug|ARM
		{6F9F9F07-DEFF-4D31-8BC5-2C8B10BA001B}.Debug|iPhone.ActiveCfg = Debug|x86
		{6F9F9F07-DEFF-4D31-8BC5-2C8B10BA001B}.Debug|iPhone.Build.0 = Debug|x86
		{6F9F9F07-DEFF-4D31-8BC5-2C8B10BA001B}.Debug|iPhone.Deploy.0 = Debug|x86
		{6F9F9F07-DEFF-4D31-8BC5-2C8B10BA001B}.Debug|iPhoneSimulator.ActiveCfg = Debug|x86
		{6F9F9F07-DEFF-4D31-8BC5-2C8B10BA001B}.Debug|iPhoneSimulator.Build.0 = Debug|x86
		{6F9F9F07-DEFF-4D31-8BC5-2C8B10BA001B}.Debug|iPhoneSimulator.Deploy.0 = Debug|x86
		{6F9F9F07-DEFF-4D31-8BC5-2C8B10BA001B}.Debug|x64.ActiveCfg = Debug|x64
		{6F9F9F07-DEFF-4D31-8BC5-2C8B10BA001B}.Debug|x64.Build.0 = Debug|x64
		{6F9F9F07-DEFF-4D31-8BC5-2C8B10BA001B}.Debug|x64.Deploy.0 = Debug|x64
		{6F9F9F07-DEFF-4D31-8BC5-2C8B10BA001B}.Debug|x86.ActiveCfg = Debug|x86
		{6F9F9F07-DEFF-4D31-8BC5-2C8B10BA001B}.Debug|x86.Build.0 = Debug|x86
		{6F9F9F07-DEFF-4D31-8BC5-2C8B10BA001B}.Debug|x86.Deploy.0 = Debug|x86
		{6F9F9F07-DEFF-4D31-8BC5-2C8B10BA001B}.Release|Any CPU.ActiveCfg = Release|x86
		{6F9F9F07-DEFF-4D31-8BC5-2C8B10BA001B}.Release|Any CPU.Build.0 = Release|x86
		{6F9F9F07-DEFF-4D31-8BC5-2C8B10BA001B}.Release|Any CPU.Deploy.0 = Release|x86
		{6F9F9F07-DEFF-4D31-8BC5-2C8B10BA001B}.Release|ARM.ActiveCfg = Release|ARM
		{6F9F9F07-DEFF-4D31-8BC5-2C8B10BA001B}.Release|ARM.Build.0 = Release|ARM
		{6F9F9F07-DEFF-4D31-8BC5-2C8B10BA001B}.Release|ARM.Deploy.0 = Release|ARM
		{6F9F9F07-DEFF-4D31-8BC5-2C8B10BA001B}.Release|iPhone.ActiveCfg = Release|x86
		{6F9F9F07-DEFF-4D31-8BC5-2C8B10BA001B}.Release|iPhone.Build.0 = Release|x86
		{6F9F9F07-DEFF-4D31-8BC5-2C8B10BA001B}.Release|iPhone.Deploy.0 = Release|x86
		{6F9F9F07-DEFF-4D31-8BC5-2C8B10BA001B}.Release|iPhoneSimulator.ActiveCfg = Release|x86
		{6F9F9F07-DEFF-4D31-8BC5-2C8B10BA001B}.Release|iPhoneSimulator.Build.0 = Release|x86
		{6F9F9F07-DEFF-4D31-8BC5-2C8B10BA001B}.Release|iPhoneSimulator.Deploy.0 = Release|x86
		{6F9F9F07-DEFF-4D31-8BC5-2C8B10BA001B}.Release|x64.ActiveCfg = Release|x64
		{6F9F9F07-DEFF-4D31-8BC5-2C8B10BA001B}.Release|x64.Build.0 = Release|x64
		{6F9F9F07-DEFF-4D31-8BC5-2C8B10BA001B}.Release|x64.Deploy.0 = Release|x64
		{6F9F9F07-DEFF-4D31-8BC5-2C8B10BA001B}.Release|x86.ActiveCfg = Release|x86
		{6F9F9F07-DEFF-4D31-8BC5-2C8B10BA001B}.Release|x86.Build.0 = Release|x86
		{6F9F9F07-DEFF-4D31-8BC5-2C8B10BA001B}.Release|x86.Deploy.0 = Release|x86
		{9A182F81-5315-4F02-8B74-80B02A04C1D7}.Ad-Hoc|Any CPU.ActiveCfg = Debug|Any CPU
		{9A182F81-5315-4F02-8B74-80B02A04C1D7}.Ad-Hoc|Any CPU.Build.0 = Debug|Any CPU
		{9A182F81-5315-4F02-8B74-80B02A04C1D7}.Ad-Hoc|Any CPU.Deploy.0 = Debug|Any CPU
		{9A182F81-5315-4F02-8B74-80B02A04C1D7}.Ad-Hoc|ARM.ActiveCfg = Debug|Any CPU
		{9A182F81-5315-4F02-8B74-80B02A04C1D7}.Ad-Hoc|ARM.Build.0 = Debug|Any CPU
		{9A182F81-5315-4F02-8B74-80B02A04C1D7}.Ad-Hoc|ARM.Deploy.0 = Debug|Any CPU
		{9A182F81-5315-4F02-8B74-80B02A04C1D7}.Ad-Hoc|iPhone.ActiveCfg = Debug|Any CPU
		{9A182F81-5315-4F02-8B74-80B02A04C1D7}.Ad-Hoc|iPhone.Build.0 = Debug|Any CPU
		{9A182F81-5315-4F02-8B74-80B02A04C1D7}.Ad-Hoc|iPhone.Deploy.0 = Debug|Any CPU
		{9A182F81-5315-4F02-8B74-80B02A04C1D7}.Ad-Hoc|iPhoneSimulator.ActiveCfg = Debug|Any CPU
		{9A182F81-5315-4F02-8B74-80B02A04C1D7}.Ad-Hoc|iPhoneSimulator.Build.0 = Debug|Any CPU
		{9A182F81-5315-4F02-8B74-80B02A04C1D7}.Ad-Hoc|iPhoneSimulator.Deploy.0 = Debug|Any CPU
		{9A182F81-5315-4F02-8B74-80B02A04C1D7}.Ad-Hoc|x64.ActiveCfg = Debug|Any CPU
		{9A182F81-5315-4F02-8B74-80B02A04C1D7}.Ad-Hoc|x64.Build.0 = Debug|Any CPU
		{9A182F81-5315-4F02-8B74-80B02A04C1D7}.Ad-Hoc|x64.Deploy.0 = Debug|Any CPU
		{9A182F81-5315-4F02-8B74-80B02A04C1D7}.Ad-Hoc|x86.ActiveCfg = Debug|Any CPU
		{9A182F81-5315-4F02-8B74-80B02A04C1D7}.Ad-Hoc|x86.Build.0 = Debug|Any CPU
		{9A182F81-5315-4F02-8B74-80B02A04C1D7}.Ad-Hoc|x86.Deploy.0 = Debug|Any CPU
		{9A182F81-5315-4F02-8B74-80B02A04C1D7}.AppStore|Any CPU.ActiveCfg = Debug|Any CPU
		{9A182F81-5315-4F02-8B74-80B02A04C1D7}.AppStore|Any CPU.Build.0 = Debug|Any CPU
		{9A182F81-5315-4F02-8B74-80B02A04C1D7}.AppStore|Any CPU.Deploy.0 = Debug|Any CPU
		{9A182F81-5315-4F02-8B74-80B02A04C1D7}.AppStore|ARM.ActiveCfg = Debug|Any CPU
		{9A182F81-5315-4F02-8B74-80B02A04C1D7}.AppStore|ARM.Build.0 = Debug|Any CPU
		{9A182F81-5315-4F02-8B74-80B02A04C1D7}.AppStore|ARM.Deploy.0 = Debug|Any CPU
		{9A182F81-5315-4F02-8B74-80B02A04C1D7}.AppStore|iPhone.ActiveCfg = Debug|Any CPU
		{9A182F81-5315-4F02-8B74-80B02A04C1D7}.AppStore|iPhone.Build.0 = Debug|Any CPU
		{9A182F81-5315-4F02-8B74-80B02A04C1D7}.AppStore|iPhone.Deploy.0 = Debug|Any CPU
		{9A182F81-5315-4F02-8B74-80B02A04C1D7}.AppStore|iPhoneSimulator.ActiveCfg = Debug|Any CPU
		{9A182F81-5315-4F02-8B74-80B02A04C1D7}.AppStore|iPhoneSimulator.Build.0 = Debug|Any CPU
		{9A182F81-5315-4F02-8B74-80B02A04C1D7}.AppStore|iPhoneSimulator.Deploy.0 = Debug|Any CPU
		{9A182F81-5315-4F02-8B74-80B02A04C1D7}.AppStore|x64.ActiveCfg = Debug|Any CPU
		{9A182F81-5315-4F02-8B74-80B02A04C1D7}.AppStore|x64.Build.0 = Debug|Any CPU
		{9A182F81-5315-4F02-8B74-80B02A04C1D7}.AppStore|x64.Deploy.0 = Debug|Any CPU
		{9A182F81-5315-4F02-8B74-80B02A04C1D7}.AppStore|x86.ActiveCfg = Debug|Any CPU
		{9A182F81-5315-4F02-8B74-80B02A04C1D7}.AppStore|x86.Build.0 = Debug|Any CPU
		{9A182F81-5315-4F02-8B74-80B02A04C1D7}.AppStore|x86.Deploy.0 = Debug|Any CPU
		{9A182F81-5315-4F02-8B74-80B02A04C1D7}.Debug|Any CPU.ActiveCfg = Debug|Any CPU
		{9A182F81-5315-4F02-8B74-80B02A04C1D7}.Debug|Any CPU.Build.0 = Debug|Any CPU
		{9A182F81-5315-4F02-8B74-80B02A04C1D7}.Debug|Any CPU.Deploy.0 = Debug|Any CPU
		{9A182F81-5315-4F02-8B74-80B02A04C1D7}.Debug|ARM.ActiveCfg = Debug|Any CPU
		{9A182F81-5315-4F02-8B74-80B02A04C1D7}.Debug|ARM.Build.0 = Debug|Any CPU
		{9A182F81-5315-4F02-8B74-80B02A04C1D7}.Debug|ARM.Deploy.0 = Debug|Any CPU
		{9A182F81-5315-4F02-8B74-80B02A04C1D7}.Debug|iPhone.ActiveCfg = Debug|Any CPU
		{9A182F81-5315-4F02-8B74-80B02A04C1D7}.Debug|iPhone.Build.0 = Debug|Any CPU
		{9A182F81-5315-4F02-8B74-80B02A04C1D7}.Debug|iPhone.Deploy.0 = Debug|Any CPU
		{9A182F81-5315-4F02-8B74-80B02A04C1D7}.Debug|iPhoneSimulator.ActiveCfg = Debug|Any CPU
		{9A182F81-5315-4F02-8B74-80B02A04C1D7}.Debug|iPhoneSimulator.Build.0 = Debug|Any CPU
		{9A182F81-5315-4F02-8B74-80B02A04C1D7}.Debug|iPhoneSimulator.Deploy.0 = Debug|Any CPU
		{9A182F81-5315-4F02-8B74-80B02A04C1D7}.Debug|x64.ActiveCfg = Debug|Any CPU
		{9A182F81-5315-4F02-8B74-80B02A04C1D7}.Debug|x64.Build.0 = Debug|Any CPU
		{9A182F81-5315-4F02-8B74-80B02A04C1D7}.Debug|x64.Deploy.0 = Debug|Any CPU
		{9A182F81-5315-4F02-8B74-80B02A04C1D7}.Debug|x86.ActiveCfg = Debug|Any CPU
		{9A182F81-5315-4F02-8B74-80B02A04C1D7}.Debug|x86.Build.0 = Debug|Any CPU
		{9A182F81-5315-4F02-8B74-80B02A04C1D7}.Debug|x86.Deploy.0 = Debug|Any CPU
		{9A182F81-5315-4F02-8B74-80B02A04C1D7}.Release|Any CPU.ActiveCfg = Release|Any CPU
		{9A182F81-5315-4F02-8B74-80B02A04C1D7}.Release|Any CPU.Build.0 = Release|Any CPU
		{9A182F81-5315-4F02-8B74-80B02A04C1D7}.Release|Any CPU.Deploy.0 = Release|Any CPU
		{9A182F81-5315-4F02-8B74-80B02A04C1D7}.Release|ARM.ActiveCfg = Release|Any CPU
		{9A182F81-5315-4F02-8B74-80B02A04C1D7}.Release|ARM.Build.0 = Release|Any CPU
		{9A182F81-5315-4F02-8B74-80B02A04C1D7}.Release|ARM.Deploy.0 = Release|Any CPU
		{9A182F81-5315-4F02-8B74-80B02A04C1D7}.Release|iPhone.ActiveCfg = Release|Any CPU
		{9A182F81-5315-4F02-8B74-80B02A04C1D7}.Release|iPhone.Build.0 = Release|Any CPU
		{9A182F81-5315-4F02-8B74-80B02A04C1D7}.Release|iPhone.Deploy.0 = Release|Any CPU
		{9A182F81-5315-4F02-8B74-80B02A04C1D7}.Release|iPhoneSimulator.ActiveCfg = Release|Any CPU
		{9A182F81-5315-4F02-8B74-80B02A04C1D7}.Release|iPhoneSimulator.Build.0 = Release|Any CPU
		{9A182F81-5315-4F02-8B74-80B02A04C1D7}.Release|iPhoneSimulator.Deploy.0 = Release|Any CPU
		{9A182F81-5315-4F02-8B74-80B02A04C1D7}.Release|x64.ActiveCfg = Release|Any CPU
		{9A182F81-5315-4F02-8B74-80B02A04C1D7}.Release|x64.Build.0 = Release|Any CPU
		{9A182F81-5315-4F02-8B74-80B02A04C1D7}.Release|x64.Deploy.0 = Release|Any CPU
		{9A182F81-5315-4F02-8B74-80B02A04C1D7}.Release|x86.ActiveCfg = Release|Any CPU
		{9A182F81-5315-4F02-8B74-80B02A04C1D7}.Release|x86.Build.0 = Release|Any CPU
		{9A182F81-5315-4F02-8B74-80B02A04C1D7}.Release|x86.Deploy.0 = Release|Any CPU
		{A6C9EE93-D5C9-4FA3-B8C2-DF1B4632B3E2}.Ad-Hoc|Any CPU.ActiveCfg = Release|Any CPU
		{A6C9EE93-D5C9-4FA3-B8C2-DF1B4632B3E2}.Ad-Hoc|Any CPU.Build.0 = Release|Any CPU
		{A6C9EE93-D5C9-4FA3-B8C2-DF1B4632B3E2}.Ad-Hoc|ARM.ActiveCfg = Release|Any CPU
		{A6C9EE93-D5C9-4FA3-B8C2-DF1B4632B3E2}.Ad-Hoc|ARM.Build.0 = Release|Any CPU
		{A6C9EE93-D5C9-4FA3-B8C2-DF1B4632B3E2}.Ad-Hoc|iPhone.ActiveCfg = Release|Any CPU
		{A6C9EE93-D5C9-4FA3-B8C2-DF1B4632B3E2}.Ad-Hoc|iPhone.Build.0 = Release|Any CPU
		{A6C9EE93-D5C9-4FA3-B8C2-DF1B4632B3E2}.Ad-Hoc|iPhoneSimulator.ActiveCfg = Release|Any CPU
		{A6C9EE93-D5C9-4FA3-B8C2-DF1B4632B3E2}.Ad-Hoc|iPhoneSimulator.Build.0 = Release|Any CPU
		{A6C9EE93-D5C9-4FA3-B8C2-DF1B4632B3E2}.Ad-Hoc|x64.ActiveCfg = Release|Any CPU
		{A6C9EE93-D5C9-4FA3-B8C2-DF1B4632B3E2}.Ad-Hoc|x64.Build.0 = Release|Any CPU
		{A6C9EE93-D5C9-4FA3-B8C2-DF1B4632B3E2}.Ad-Hoc|x86.ActiveCfg = Release|Any CPU
		{A6C9EE93-D5C9-4FA3-B8C2-DF1B4632B3E2}.Ad-Hoc|x86.Build.0 = Release|Any CPU
		{A6C9EE93-D5C9-4FA3-B8C2-DF1B4632B3E2}.AppStore|Any CPU.ActiveCfg = Release|Any CPU
		{A6C9EE93-D5C9-4FA3-B8C2-DF1B4632B3E2}.AppStore|Any CPU.Build.0 = Release|Any CPU
		{A6C9EE93-D5C9-4FA3-B8C2-DF1B4632B3E2}.AppStore|ARM.ActiveCfg = Release|Any CPU
		{A6C9EE93-D5C9-4FA3-B8C2-DF1B4632B3E2}.AppStore|ARM.Build.0 = Release|Any CPU
		{A6C9EE93-D5C9-4FA3-B8C2-DF1B4632B3E2}.AppStore|iPhone.ActiveCfg = Release|Any CPU
		{A6C9EE93-D5C9-4FA3-B8C2-DF1B4632B3E2}.AppStore|iPhone.Build.0 = Release|Any CPU
		{A6C9EE93-D5C9-4FA3-B8C2-DF1B4632B3E2}.AppStore|iPhoneSimulator.ActiveCfg = Release|Any CPU
		{A6C9EE93-D5C9-4FA3-B8C2-DF1B4632B3E2}.AppStore|iPhoneSimulator.Build.0 = Release|Any CPU
		{A6C9EE93-D5C9-4FA3-B8C2-DF1B4632B3E2}.AppStore|x64.ActiveCfg = Release|Any CPU
		{A6C9EE93-D5C9-4FA3-B8C2-DF1B4632B3E2}.AppStore|x64.Build.0 = Release|Any CPU
		{A6C9EE93-D5C9-4FA3-B8C2-DF1B4632B3E2}.AppStore|x86.ActiveCfg = Release|Any CPU
		{A6C9EE93-D5C9-4FA3-B8C2-DF1B4632B3E2}.AppStore|x86.Build.0 = Release|Any CPU
		{A6C9EE93-D5C9-4FA3-B8C2-DF1B4632B3E2}.Debug|Any CPU.ActiveCfg = Debug|Any CPU
		{A6C9EE93-D5C9-4FA3-B8C2-DF1B4632B3E2}.Debug|Any CPU.Build.0 = Debug|Any CPU
		{A6C9EE93-D5C9-4FA3-B8C2-DF1B4632B3E2}.Debug|ARM.ActiveCfg = Debug|Any CPU
		{A6C9EE93-D5C9-4FA3-B8C2-DF1B4632B3E2}.Debug|ARM.Build.0 = Debug|Any CPU
		{A6C9EE93-D5C9-4FA3-B8C2-DF1B4632B3E2}.Debug|iPhone.ActiveCfg = Debug|Any CPU
		{A6C9EE93-D5C9-4FA3-B8C2-DF1B4632B3E2}.Debug|iPhone.Build.0 = Debug|Any CPU
		{A6C9EE93-D5C9-4FA3-B8C2-DF1B4632B3E2}.Debug|iPhoneSimulator.ActiveCfg = Debug|Any CPU
		{A6C9EE93-D5C9-4FA3-B8C2-DF1B4632B3E2}.Debug|iPhoneSimulator.Build.0 = Debug|Any CPU
		{A6C9EE93-D5C9-4FA3-B8C2-DF1B4632B3E2}.Debug|x64.ActiveCfg = Debug|Any CPU
		{A6C9EE93-D5C9-4FA3-B8C2-DF1B4632B3E2}.Debug|x64.Build.0 = Debug|Any CPU
		{A6C9EE93-D5C9-4FA3-B8C2-DF1B4632B3E2}.Debug|x86.ActiveCfg = Debug|Any CPU
		{A6C9EE93-D5C9-4FA3-B8C2-DF1B4632B3E2}.Debug|x86.Build.0 = Debug|Any CPU
		{A6C9EE93-D5C9-4FA3-B8C2-DF1B4632B3E2}.Release|Any CPU.ActiveCfg = Release|Any CPU
		{A6C9EE93-D5C9-4FA3-B8C2-DF1B4632B3E2}.Release|Any CPU.Build.0 = Release|Any CPU
		{A6C9EE93-D5C9-4FA3-B8C2-DF1B4632B3E2}.Release|ARM.ActiveCfg = Release|Any CPU
		{A6C9EE93-D5C9-4FA3-B8C2-DF1B4632B3E2}.Release|ARM.Build.0 = Release|Any CPU
		{A6C9EE93-D5C9-4FA3-B8C2-DF1B4632B3E2}.Release|iPhone.ActiveCfg = Release|Any CPU
		{A6C9EE93-D5C9-4FA3-B8C2-DF1B4632B3E2}.Release|iPhone.Build.0 = Release|Any CPU
		{A6C9EE93-D5C9-4FA3-B8C2-DF1B4632B3E2}.Release|iPhoneSimulator.ActiveCfg = Release|Any CPU
		{A6C9EE93-D5C9-4FA3-B8C2-DF1B4632B3E2}.Release|iPhoneSimulator.Build.0 = Release|Any CPU
		{A6C9EE93-D5C9-4FA3-B8C2-DF1B4632B3E2}.Release|x64.ActiveCfg = Release|Any CPU
		{A6C9EE93-D5C9-4FA3-B8C2-DF1B4632B3E2}.Release|x64.Build.0 = Release|Any CPU
		{A6C9EE93-D5C9-4FA3-B8C2-DF1B4632B3E2}.Release|x86.ActiveCfg = Release|Any CPU
		{A6C9EE93-D5C9-4FA3-B8C2-DF1B4632B3E2}.Release|x86.Build.0 = Release|Any CPU
		{29D4DE78-F585-4A0D-BF03-149B456A8A34}.Ad-Hoc|Any CPU.ActiveCfg = Release|Any CPU
		{29D4DE78-F585-4A0D-BF03-149B456A8A34}.Ad-Hoc|Any CPU.Build.0 = Release|Any CPU
		{29D4DE78-F585-4A0D-BF03-149B456A8A34}.Ad-Hoc|ARM.ActiveCfg = Release|Any CPU
		{29D4DE78-F585-4A0D-BF03-149B456A8A34}.Ad-Hoc|ARM.Build.0 = Release|Any CPU
		{29D4DE78-F585-4A0D-BF03-149B456A8A34}.Ad-Hoc|iPhone.ActiveCfg = Release|Any CPU
		{29D4DE78-F585-4A0D-BF03-149B456A8A34}.Ad-Hoc|iPhone.Build.0 = Release|Any CPU
		{29D4DE78-F585-4A0D-BF03-149B456A8A34}.Ad-Hoc|iPhoneSimulator.ActiveCfg = Release|Any CPU
		{29D4DE78-F585-4A0D-BF03-149B456A8A34}.Ad-Hoc|iPhoneSimulator.Build.0 = Release|Any CPU
		{29D4DE78-F585-4A0D-BF03-149B456A8A34}.Ad-Hoc|x64.ActiveCfg = Release|Any CPU
		{29D4DE78-F585-4A0D-BF03-149B456A8A34}.Ad-Hoc|x64.Build.0 = Release|Any CPU
		{29D4DE78-F585-4A0D-BF03-149B456A8A34}.Ad-Hoc|x86.ActiveCfg = Release|Any CPU
		{29D4DE78-F585-4A0D-BF03-149B456A8A34}.Ad-Hoc|x86.Build.0 = Release|Any CPU
		{29D4DE78-F585-4A0D-BF03-149B456A8A34}.AppStore|Any CPU.ActiveCfg = Release|Any CPU
		{29D4DE78-F585-4A0D-BF03-149B456A8A34}.AppStore|Any CPU.Build.0 = Release|Any CPU
		{29D4DE78-F585-4A0D-BF03-149B456A8A34}.AppStore|ARM.ActiveCfg = Release|Any CPU
		{29D4DE78-F585-4A0D-BF03-149B456A8A34}.AppStore|ARM.Build.0 = Release|Any CPU
		{29D4DE78-F585-4A0D-BF03-149B456A8A34}.AppStore|iPhone.ActiveCfg = Release|Any CPU
		{29D4DE78-F585-4A0D-BF03-149B456A8A34}.AppStore|iPhone.Build.0 = Release|Any CPU
		{29D4DE78-F585-4A0D-BF03-149B456A8A34}.AppStore|iPhoneSimulator.ActiveCfg = Release|Any CPU
		{29D4DE78-F585-4A0D-BF03-149B456A8A34}.AppStore|iPhoneSimulator.Build.0 = Release|Any CPU
		{29D4DE78-F585-4A0D-BF03-149B456A8A34}.AppStore|x64.ActiveCfg = Release|Any CPU
		{29D4DE78-F585-4A0D-BF03-149B456A8A34}.AppStore|x64.Build.0 = Release|Any CPU
		{29D4DE78-F585-4A0D-BF03-149B456A8A34}.AppStore|x86.ActiveCfg = Release|Any CPU
		{29D4DE78-F585-4A0D-BF03-149B456A8A34}.AppStore|x86.Build.0 = Release|Any CPU
		{29D4DE78-F585-4A0D-BF03-149B456A8A34}.Debug|Any CPU.ActiveCfg = Debug|Any CPU
		{29D4DE78-F585-4A0D-BF03-149B456A8A34}.Debug|Any CPU.Build.0 = Debug|Any CPU
		{29D4DE78-F585-4A0D-BF03-149B456A8A34}.Debug|ARM.ActiveCfg = Debug|Any CPU
		{29D4DE78-F585-4A0D-BF03-149B456A8A34}.Debug|ARM.Build.0 = Debug|Any CPU
		{29D4DE78-F585-4A0D-BF03-149B456A8A34}.Debug|iPhone.ActiveCfg = Debug|Any CPU
		{29D4DE78-F585-4A0D-BF03-149B456A8A34}.Debug|iPhone.Build.0 = Debug|Any CPU
		{29D4DE78-F585-4A0D-BF03-149B456A8A34}.Debug|iPhoneSimulator.ActiveCfg = Debug|Any CPU
		{29D4DE78-F585-4A0D-BF03-149B456A8A34}.Debug|iPhoneSimulator.Build.0 = Debug|Any CPU
		{29D4DE78-F585-4A0D-BF03-149B456A8A34}.Debug|x64.ActiveCfg = Debug|Any CPU
		{29D4DE78-F585-4A0D-BF03-149B456A8A34}.Debug|x64.Build.0 = Debug|Any CPU
		{29D4DE78-F585-4A0D-BF03-149B456A8A34}.Debug|x86.ActiveCfg = Debug|Any CPU
		{29D4DE78-F585-4A0D-BF03-149B456A8A34}.Debug|x86.Build.0 = Debug|Any CPU
		{29D4DE78-F585-4A0D-BF03-149B456A8A34}.Release|Any CPU.ActiveCfg = Release|Any CPU
		{29D4DE78-F585-4A0D-BF03-149B456A8A34}.Release|Any CPU.Build.0 = Release|Any CPU
		{29D4DE78-F585-4A0D-BF03-149B456A8A34}.Release|ARM.ActiveCfg = Release|Any CPU
		{29D4DE78-F585-4A0D-BF03-149B456A8A34}.Release|ARM.Build.0 = Release|Any CPU
		{29D4DE78-F585-4A0D-BF03-149B456A8A34}.Release|iPhone.ActiveCfg = Release|Any CPU
		{29D4DE78-F585-4A0D-BF03-149B456A8A34}.Release|iPhone.Build.0 = Release|Any CPU
		{29D4DE78-F585-4A0D-BF03-149B456A8A34}.Release|iPhoneSimulator.ActiveCfg = Release|Any CPU
		{29D4DE78-F585-4A0D-BF03-149B456A8A34}.Release|iPhoneSimulator.Build.0 = Release|Any CPU
		{29D4DE78-F585-4A0D-BF03-149B456A8A34}.Release|x64.ActiveCfg = Release|Any CPU
		{29D4DE78-F585-4A0D-BF03-149B456A8A34}.Release|x64.Build.0 = Release|Any CPU
		{29D4DE78-F585-4A0D-BF03-149B456A8A34}.Release|x86.ActiveCfg = Release|Any CPU
		{29D4DE78-F585-4A0D-BF03-149B456A8A34}.Release|x86.Build.0 = Release|Any CPU
		{601F5E0D-E0C7-44EB-83D9-1739830F3F9C}.Ad-Hoc|Any CPU.ActiveCfg = Release|Any CPU
		{601F5E0D-E0C7-44EB-83D9-1739830F3F9C}.Ad-Hoc|Any CPU.Build.0 = Release|Any CPU
		{601F5E0D-E0C7-44EB-83D9-1739830F3F9C}.Ad-Hoc|ARM.ActiveCfg = Release|Any CPU
		{601F5E0D-E0C7-44EB-83D9-1739830F3F9C}.Ad-Hoc|ARM.Build.0 = Release|Any CPU
		{601F5E0D-E0C7-44EB-83D9-1739830F3F9C}.Ad-Hoc|iPhone.ActiveCfg = Release|Any CPU
		{601F5E0D-E0C7-44EB-83D9-1739830F3F9C}.Ad-Hoc|iPhone.Build.0 = Release|Any CPU
		{601F5E0D-E0C7-44EB-83D9-1739830F3F9C}.Ad-Hoc|iPhoneSimulator.ActiveCfg = Release|Any CPU
		{601F5E0D-E0C7-44EB-83D9-1739830F3F9C}.Ad-Hoc|iPhoneSimulator.Build.0 = Release|Any CPU
		{601F5E0D-E0C7-44EB-83D9-1739830F3F9C}.Ad-Hoc|x64.ActiveCfg = Release|Any CPU
		{601F5E0D-E0C7-44EB-83D9-1739830F3F9C}.Ad-Hoc|x64.Build.0 = Release|Any CPU
		{601F5E0D-E0C7-44EB-83D9-1739830F3F9C}.Ad-Hoc|x86.ActiveCfg = Release|Any CPU
		{601F5E0D-E0C7-44EB-83D9-1739830F3F9C}.Ad-Hoc|x86.Build.0 = Release|Any CPU
		{601F5E0D-E0C7-44EB-83D9-1739830F3F9C}.AppStore|Any CPU.ActiveCfg = Release|Any CPU
		{601F5E0D-E0C7-44EB-83D9-1739830F3F9C}.AppStore|Any CPU.Build.0 = Release|Any CPU
		{601F5E0D-E0C7-44EB-83D9-1739830F3F9C}.AppStore|ARM.ActiveCfg = Release|Any CPU
		{601F5E0D-E0C7-44EB-83D9-1739830F3F9C}.AppStore|ARM.Build.0 = Release|Any CPU
		{601F5E0D-E0C7-44EB-83D9-1739830F3F9C}.AppStore|iPhone.ActiveCfg = Release|Any CPU
		{601F5E0D-E0C7-44EB-83D9-1739830F3F9C}.AppStore|iPhone.Build.0 = Release|Any CPU
		{601F5E0D-E0C7-44EB-83D9-1739830F3F9C}.AppStore|iPhoneSimulator.ActiveCfg = Release|Any CPU
		{601F5E0D-E0C7-44EB-83D9-1739830F3F9C}.AppStore|iPhoneSimulator.Build.0 = Release|Any CPU
		{601F5E0D-E0C7-44EB-83D9-1739830F3F9C}.AppStore|x64.ActiveCfg = Release|Any CPU
		{601F5E0D-E0C7-44EB-83D9-1739830F3F9C}.AppStore|x64.Build.0 = Release|Any CPU
		{601F5E0D-E0C7-44EB-83D9-1739830F3F9C}.AppStore|x86.ActiveCfg = Release|Any CPU
		{601F5E0D-E0C7-44EB-83D9-1739830F3F9C}.AppStore|x86.Build.0 = Release|Any CPU
		{601F5E0D-E0C7-44EB-83D9-1739830F3F9C}.Debug|Any CPU.ActiveCfg = Debug|Any CPU
		{601F5E0D-E0C7-44EB-83D9-1739830F3F9C}.Debug|Any CPU.Build.0 = Debug|Any CPU
		{601F5E0D-E0C7-44EB-83D9-1739830F3F9C}.Debug|ARM.ActiveCfg = Debug|Any CPU
		{601F5E0D-E0C7-44EB-83D9-1739830F3F9C}.Debug|ARM.Build.0 = Debug|Any CPU
		{601F5E0D-E0C7-44EB-83D9-1739830F3F9C}.Debug|iPhone.ActiveCfg = Debug|Any CPU
		{601F5E0D-E0C7-44EB-83D9-1739830F3F9C}.Debug|iPhone.Build.0 = Debug|Any CPU
		{601F5E0D-E0C7-44EB-83D9-1739830F3F9C}.Debug|iPhoneSimulator.ActiveCfg = Debug|Any CPU
		{601F5E0D-E0C7-44EB-83D9-1739830F3F9C}.Debug|iPhoneSimulator.Build.0 = Debug|Any CPU
		{601F5E0D-E0C7-44EB-83D9-1739830F3F9C}.Debug|x64.ActiveCfg = Debug|Any CPU
		{601F5E0D-E0C7-44EB-83D9-1739830F3F9C}.Debug|x64.Build.0 = Debug|Any CPU
		{601F5E0D-E0C7-44EB-83D9-1739830F3F9C}.Debug|x86.ActiveCfg = Debug|Any CPU
		{601F5E0D-E0C7-44EB-83D9-1739830F3F9C}.Debug|x86.Build.0 = Debug|Any CPU
		{601F5E0D-E0C7-44EB-83D9-1739830F3F9C}.Release|Any CPU.ActiveCfg = Release|Any CPU
		{601F5E0D-E0C7-44EB-83D9-1739830F3F9C}.Release|Any CPU.Build.0 = Release|Any CPU
		{601F5E0D-E0C7-44EB-83D9-1739830F3F9C}.Release|ARM.ActiveCfg = Release|Any CPU
		{601F5E0D-E0C7-44EB-83D9-1739830F3F9C}.Release|ARM.Build.0 = Release|Any CPU
		{601F5E0D-E0C7-44EB-83D9-1739830F3F9C}.Release|iPhone.ActiveCfg = Release|Any CPU
		{601F5E0D-E0C7-44EB-83D9-1739830F3F9C}.Release|iPhone.Build.0 = Release|Any CPU
		{601F5E0D-E0C7-44EB-83D9-1739830F3F9C}.Release|iPhoneSimulator.ActiveCfg = Release|Any CPU
		{601F5E0D-E0C7-44EB-83D9-1739830F3F9C}.Release|iPhoneSimulator.Build.0 = Release|Any CPU
		{601F5E0D-E0C7-44EB-83D9-1739830F3F9C}.Release|x64.ActiveCfg = Release|Any CPU
		{601F5E0D-E0C7-44EB-83D9-1739830F3F9C}.Release|x64.Build.0 = Release|Any CPU
		{601F5E0D-E0C7-44EB-83D9-1739830F3F9C}.Release|x86.ActiveCfg = Release|Any CPU
		{601F5E0D-E0C7-44EB-83D9-1739830F3F9C}.Release|x86.Build.0 = Release|Any CPU
		{AA458160-404E-4E9F-A236-813B7BD54E5A}.Ad-Hoc|Any CPU.ActiveCfg = Release|Any CPU
		{AA458160-404E-4E9F-A236-813B7BD54E5A}.Ad-Hoc|Any CPU.Build.0 = Release|Any CPU
		{AA458160-404E-4E9F-A236-813B7BD54E5A}.Ad-Hoc|ARM.ActiveCfg = Release|Any CPU
		{AA458160-404E-4E9F-A236-813B7BD54E5A}.Ad-Hoc|ARM.Build.0 = Release|Any CPU
		{AA458160-404E-4E9F-A236-813B7BD54E5A}.Ad-Hoc|iPhone.ActiveCfg = Release|Any CPU
		{AA458160-404E-4E9F-A236-813B7BD54E5A}.Ad-Hoc|iPhone.Build.0 = Release|Any CPU
		{AA458160-404E-4E9F-A236-813B7BD54E5A}.Ad-Hoc|iPhoneSimulator.ActiveCfg = Release|Any CPU
		{AA458160-404E-4E9F-A236-813B7BD54E5A}.Ad-Hoc|iPhoneSimulator.Build.0 = Release|Any CPU
		{AA458160-404E-4E9F-A236-813B7BD54E5A}.Ad-Hoc|x64.ActiveCfg = Release|Any CPU
		{AA458160-404E-4E9F-A236-813B7BD54E5A}.Ad-Hoc|x64.Build.0 = Release|Any CPU
		{AA458160-404E-4E9F-A236-813B7BD54E5A}.Ad-Hoc|x86.ActiveCfg = Release|Any CPU
		{AA458160-404E-4E9F-A236-813B7BD54E5A}.Ad-Hoc|x86.Build.0 = Release|Any CPU
		{AA458160-404E-4E9F-A236-813B7BD54E5A}.AppStore|Any CPU.ActiveCfg = Release|Any CPU
		{AA458160-404E-4E9F-A236-813B7BD54E5A}.AppStore|Any CPU.Build.0 = Release|Any CPU
		{AA458160-404E-4E9F-A236-813B7BD54E5A}.AppStore|ARM.ActiveCfg = Release|Any CPU
		{AA458160-404E-4E9F-A236-813B7BD54E5A}.AppStore|ARM.Build.0 = Release|Any CPU
		{AA458160-404E-4E9F-A236-813B7BD54E5A}.AppStore|iPhone.ActiveCfg = Release|Any CPU
		{AA458160-404E-4E9F-A236-813B7BD54E5A}.AppStore|iPhone.Build.0 = Release|Any CPU
		{AA458160-404E-4E9F-A236-813B7BD54E5A}.AppStore|iPhoneSimulator.ActiveCfg = Release|Any CPU
		{AA458160-404E-4E9F-A236-813B7BD54E5A}.AppStore|iPhoneSimulator.Build.0 = Release|Any CPU
		{AA458160-404E-4E9F-A236-813B7BD54E5A}.AppStore|x64.ActiveCfg = Release|Any CPU
		{AA458160-404E-4E9F-A236-813B7BD54E5A}.AppStore|x64.Build.0 = Release|Any CPU
		{AA458160-404E-4E9F-A236-813B7BD54E5A}.AppStore|x86.ActiveCfg = Release|Any CPU
		{AA458160-404E-4E9F-A236-813B7BD54E5A}.AppStore|x86.Build.0 = Release|Any CPU
		{AA458160-404E-4E9F-A236-813B7BD54E5A}.Debug|Any CPU.ActiveCfg = Debug|Any CPU
		{AA458160-404E-4E9F-A236-813B7BD54E5A}.Debug|Any CPU.Build.0 = Debug|Any CPU
		{AA458160-404E-4E9F-A236-813B7BD54E5A}.Debug|ARM.ActiveCfg = Debug|Any CPU
		{AA458160-404E-4E9F-A236-813B7BD54E5A}.Debug|ARM.Build.0 = Debug|Any CPU
		{AA458160-404E-4E9F-A236-813B7BD54E5A}.Debug|iPhone.ActiveCfg = Debug|Any CPU
		{AA458160-404E-4E9F-A236-813B7BD54E5A}.Debug|iPhone.Build.0 = Debug|Any CPU
		{AA458160-404E-4E9F-A236-813B7BD54E5A}.Debug|iPhoneSimulator.ActiveCfg = Debug|Any CPU
		{AA458160-404E-4E9F-A236-813B7BD54E5A}.Debug|iPhoneSimulator.Build.0 = Debug|Any CPU
		{AA458160-404E-4E9F-A236-813B7BD54E5A}.Debug|x64.ActiveCfg = Debug|Any CPU
		{AA458160-404E-4E9F-A236-813B7BD54E5A}.Debug|x64.Build.0 = Debug|Any CPU
		{AA458160-404E-4E9F-A236-813B7BD54E5A}.Debug|x86.ActiveCfg = Debug|Any CPU
		{AA458160-404E-4E9F-A236-813B7BD54E5A}.Debug|x86.Build.0 = Debug|Any CPU
		{AA458160-404E-4E9F-A236-813B7BD54E5A}.Release|Any CPU.ActiveCfg = Release|Any CPU
		{AA458160-404E-4E9F-A236-813B7BD54E5A}.Release|Any CPU.Build.0 = Release|Any CPU
		{AA458160-404E-4E9F-A236-813B7BD54E5A}.Release|ARM.ActiveCfg = Release|Any CPU
		{AA458160-404E-4E9F-A236-813B7BD54E5A}.Release|ARM.Build.0 = Release|Any CPU
		{AA458160-404E-4E9F-A236-813B7BD54E5A}.Release|iPhone.ActiveCfg = Release|Any CPU
		{AA458160-404E-4E9F-A236-813B7BD54E5A}.Release|iPhone.Build.0 = Release|Any CPU
		{AA458160-404E-4E9F-A236-813B7BD54E5A}.Release|iPhoneSimulator.ActiveCfg = Release|Any CPU
		{AA458160-404E-4E9F-A236-813B7BD54E5A}.Release|iPhoneSimulator.Build.0 = Release|Any CPU
		{AA458160-404E-4E9F-A236-813B7BD54E5A}.Release|x64.ActiveCfg = Release|Any CPU
		{AA458160-404E-4E9F-A236-813B7BD54E5A}.Release|x64.Build.0 = Release|Any CPU
		{AA458160-404E-4E9F-A236-813B7BD54E5A}.Release|x86.ActiveCfg = Release|Any CPU
		{AA458160-404E-4E9F-A236-813B7BD54E5A}.Release|x86.Build.0 = Release|Any CPU
	EndGlobalSection
	GlobalSection(SolutionProperties) = preSolution
		HideSolutionNode = FALSE
	EndGlobalSection
	GlobalSection(ExtensibilityGlobals) = postSolution
		SolutionGuid = {D8095C03-65B2-447D-894E-2DDD9B1D854C}
	EndGlobalSection
EndGlobal
